// !$*UTF8*$!
{
	archiveVersion = 1;
	classes = {
	};
	objectVersion = 77;
	objects = {

/* Begin PBXBuildFile section */
/* End PBXBuildFile section */

/* Begin PBXContainerItemProxy section */
		5355187E2CAF0D27007CD1B1 /* PBXContainerItemProxy */ = {
			isa = PBXContainerItemProxy;
			containerPortal = 535518652CAF0D25007CD1B1 /* Project object */;
			proxyType = 1;
			remoteGlobalIDString = 5355186C2CAF0D25007CD1B1;
			remoteInfo = Camera;
		};
		535518882CAF0D27007CD1B1 /* PBXContainerItemProxy */ = {
			isa = PBXContainerItemProxy;
			containerPortal = 535518652CAF0D25007CD1B1 /* Project object */;
			proxyType = 1;
			remoteGlobalIDString = 5355186C2CAF0D25007CD1B1;
			remoteInfo = Camera;
		};
/* End PBXContainerItemProxy section */

/* Begin PBXFileReference section */
		5355186D2CAF0D25007CD1B1 /* Camera.app */ = {isa = PBXFileReference; explicitFileType = wrapper.application; includeInIndex = 0; path = Camera.app; sourceTree = BUILT_PRODUCTS_DIR; };
		5355187D2CAF0D27007CD1B1 /* CameraTests.xctest */ = {isa = PBXFileReference; explicitFileType = wrapper.cfbundle; includeInIndex = 0; path = CameraTests.xctest; sourceTree = BUILT_PRODUCTS_DIR; };
		535518872CAF0D27007CD1B1 /* CameraUITests.xctest */ = {isa = PBXFileReference; explicitFileType = wrapper.cfbundle; includeInIndex = 0; path = CameraUITests.xctest; sourceTree = BUILT_PRODUCTS_DIR; };
		53D54F1B2CD5AD1800E618FB /* CameraApp.swift */ = {isa = PBXFileReference; lastKnownFileType = sourcecode.swift; path = CameraApp.swift; sourceTree = "<group>"; };
/* End PBXFileReference section */

/* Begin PBXFileSystemSynchronizedBuildFileExceptionSet section */
		535518A22CAF130E007CD1B1 /* Exceptions for "Camera" folder in "Camera" target */ = {
			isa = PBXFileSystemSynchronizedBuildFileExceptionSet;
			membershipExceptions = (
				Info.plist,
			);
			target = 5355186C2CAF0D25007CD1B1 /* Camera */;
		};
/* End PBXFileSystemSynchronizedBuildFileExceptionSet section */

/* Begin PBXFileSystemSynchronizedRootGroup section */
		5355186F2CAF0D25007CD1B1 /* Camera */ = {
			isa = PBXFileSystemSynchronizedRootGroup;
			exceptions = (
				535518A22CAF130E007CD1B1 /* Exceptions for "Camera" folder in "Camera" target */,
			);
			path = Camera;
			sourceTree = "<group>";
		};
		535518802CAF0D27007CD1B1 /* CameraTests */ = {
			isa = PBXFileSystemSynchronizedRootGroup;
			path = CameraTests;
			sourceTree = "<group>";
		};
		5355188A2CAF0D27007CD1B1 /* CameraUITests */ = {
			isa = PBXFileSystemSynchronizedRootGroup;
			path = CameraUITests;
			sourceTree = "<group>";
		};
/* End PBXFileSystemSynchronizedRootGroup section */

/* Begin PBXFrameworksBuildPhase section */
		5355186A2CAF0D25007CD1B1 /* Frameworks */ = {
			isa = PBXFrameworksBuildPhase;
			buildActionMask = 2147483647;
			files = (
			);
			runOnlyForDeploymentPostprocessing = 0;
		};
		5355187A2CAF0D27007CD1B1 /* Frameworks */ = {
			isa = PBXFrameworksBuildPhase;
			buildActionMask = 2147483647;
			files = (
			);
			runOnlyForDeploymentPostprocessing = 0;
		};
		535518842CAF0D27007CD1B1 /* Frameworks */ = {
			isa = PBXFrameworksBuildPhase;
			buildActionMask = 2147483647;
			files = (
			);
			runOnlyForDeploymentPostprocessing = 0;
		};
/* End PBXFrameworksBuildPhase section */

/* Begin PBXGroup section */
		535518642CAF0D25007CD1B1 = {
			isa = PBXGroup;
			children = (
				53D54F1B2CD5AD1800E618FB /* CameraApp.swift */,
				5355186F2CAF0D25007CD1B1 /* Camera */,
				535518802CAF0D27007CD1B1 /* CameraTests */,
				5355188A2CAF0D27007CD1B1 /* CameraUITests */,
				5355186E2CAF0D25007CD1B1 /* Products */,
			);
			sourceTree = "<group>";
		};
		5355186E2CAF0D25007CD1B1 /* Products */ = {
			isa = PBXGroup;
			children = (
				5355186D2CAF0D25007CD1B1 /* Camera.app */,
				5355187D2CAF0D27007CD1B1 /* CameraTests.xctest */,
				535518872CAF0D27007CD1B1 /* CameraUITests.xctest */,
			);
			name = Products;
			sourceTree = "<group>";
		};
/* End PBXGroup section */

/* Begin PBXNativeTarget section */
		5355186C2CAF0D25007CD1B1 /* Camera */ = {
			isa = PBXNativeTarget;
			buildConfigurationList = 535518912CAF0D27007CD1B1 /* Build configuration list for PBXNativeTarget "Camera" */;
			buildPhases = (
				535518692CAF0D25007CD1B1 /* Sources */,
				5355186A2CAF0D25007CD1B1 /* Frameworks */,
				5355186B2CAF0D25007CD1B1 /* Resources */,
			);
			buildRules = (
			);
			dependencies = (
			);
			fileSystemSynchronizedGroups = (
				5355186F2CAF0D25007CD1B1 /* Camera */,
			);
			name = Camera;
			packageProductDependencies = (
			);
			productName = Camera;
			productReference = 5355186D2CAF0D25007CD1B1 /* Camera.app */;
			productType = "com.apple.product-type.application";
		};
		5355187C2CAF0D27007CD1B1 /* CameraTests */ = {
			isa = PBXNativeTarget;
			buildConfigurationList = 535518942CAF0D27007CD1B1 /* Build configuration list for PBXNativeTarget "CameraTests" */;
			buildPhases = (
				535518792CAF0D27007CD1B1 /* Sources */,
				5355187A2CAF0D27007CD1B1 /* Frameworks */,
				5355187B2CAF0D27007CD1B1 /* Resources */,
			);
			buildRules = (
			);
			dependencies = (
				5355187F2CAF0D27007CD1B1 /* PBXTargetDependency */,
			);
			fileSystemSynchronizedGroups = (
				535518802CAF0D27007CD1B1 /* CameraTests */,
			);
			name = CameraTests;
			packageProductDependencies = (
			);
			productName = CameraTests;
			productReference = 5355187D2CAF0D27007CD1B1 /* CameraTests.xctest */;
			productType = "com.apple.product-type.bundle.unit-test";
		};
		535518862CAF0D27007CD1B1 /* CameraUITests */ = {
			isa = PBXNativeTarget;
			buildConfigurationList = 535518972CAF0D27007CD1B1 /* Build configuration list for PBXNativeTarget "CameraUITests" */;
			buildPhases = (
				535518832CAF0D27007CD1B1 /* Sources */,
				535518842CAF0D27007CD1B1 /* Frameworks */,
				535518852CAF0D27007CD1B1 /* Resources */,
			);
			buildRules = (
			);
			dependencies = (
				535518892CAF0D27007CD1B1 /* PBXTargetDependency */,
			);
			fileSystemSynchronizedGroups = (
				5355188A2CAF0D27007CD1B1 /* CameraUITests */,
			);
			name = CameraUITests;
			packageProductDependencies = (
			);
			productName = CameraUITests;
			productReference = 535518872CAF0D27007CD1B1 /* CameraUITests.xctest */;
			productType = "com.apple.product-type.bundle.ui-testing";
		};
/* End PBXNativeTarget section */

/* Begin PBXProject section */
		535518652CAF0D25007CD1B1 /* Project object */ = {
			isa = PBXProject;
			attributes = {
				BuildIndependentTargetsInParallel = 1;
				LastSwiftUpdateCheck = 1600;
				LastUpgradeCheck = 1600;
				TargetAttributes = {
					5355186C2CAF0D25007CD1B1 = {
						CreatedOnToolsVersion = 16.0;
					};
					5355187C2CAF0D27007CD1B1 = {
						CreatedOnToolsVersion = 16.0;
						TestTargetID = 5355186C2CAF0D25007CD1B1;
					};
					535518862CAF0D27007CD1B1 = {
						CreatedOnToolsVersion = 16.0;
						TestTargetID = 5355186C2CAF0D25007CD1B1;
					};
				};
			};
			buildConfigurationList = 535518682CAF0D25007CD1B1 /* Build configuration list for PBXProject "Camera" */;
			developmentRegion = en;
			hasScannedForEncodings = 0;
			knownRegions = (
				en,
				Base,
			);
			mainGroup = 535518642CAF0D25007CD1B1;
			minimizedProjectReferenceProxies = 1;
			preferredProjectObjectVersion = 77;
			productRefGroup = 5355186E2CAF0D25007CD1B1 /* Products */;
			projectDirPath = "";
			projectRoot = "";
			targets = (
				5355186C2CAF0D25007CD1B1 /* Camera */,
				5355187C2CAF0D27007CD1B1 /* CameraTests */,
				535518862CAF0D27007CD1B1 /* CameraUITests */,
			);
		};
/* End PBXProject section */

/* Begin PBXResourcesBuildPhase section */
		5355186B2CAF0D25007CD1B1 /* Resources */ = {
			isa = PBXResourcesBuildPhase;
			buildActionMask = 2147483647;
			files = (
			);
			runOnlyForDeploymentPostprocessing = 0;
		};
		5355187B2CAF0D27007CD1B1 /* Resources */ = {
			isa = PBXResourcesBuildPhase;
			buildActionMask = 2147483647;
			files = (
			);
			runOnlyForDeploymentPostprocessing = 0;
		};
		535518852CAF0D27007CD1B1 /* Resources */ = {
			isa = PBXResourcesBuildPhase;
			buildActionMask = 2147483647;
			files = (
			);
			runOnlyForDeploymentPostprocessing = 0;
		};
/* End PBXResourcesBuildPhase section */

/* Begin PBXSourcesBuildPhase section */
		535518692CAF0D25007CD1B1 /* Sources */ = {
			isa = PBXSourcesBuildPhase;
			buildActionMask = 2147483647;
			files = (
				53D54F272CD5AD1800E618FB /* CameraApp.swift in Sources */,
			);
			runOnlyForDeploymentPostprocessing = 0;
		};
		535518792CAF0D27007CD1B1 /* Sources */ = {
			isa = PBXSourcesBuildPhase;
			buildActionMask = 2147483647;
			files = (
			);
			runOnlyForDeploymentPostprocessing = 0;
		};
		535518832CAF0D27007CD1B1 /* Sources */ = {
			isa = PBXSourcesBuildPhase;
			buildActionMask = 2147483647;
			files = (
			);
			runOnlyForDeploymentPostprocessing = 0;
		};
/* End PBXSourcesBuildPhase section */

/* Begin PBXTargetDependency section */
		5355187F2CAF0D27007CD1B1 /* PBXTargetDependency */ = {
			isa = PBXTargetDependency;
			target = 5355186C2CAF0D25007CD1B1 /* Camera */;
			targetProxy = 5355187E2CAF0D27007CD1B1 /* PBXContainerItemProxy */;
		};
		535518892CAF0D27007CD1B1 /* PBXTargetDependency */ = {
			isa = PBXTargetDependency;
			target = 5355186C2CAF0D25007CD1B1 /* Camera */;
			targetProxy = 535518882CAF0D27007CD1B1 /* PBXContainerItemProxy */;
		};
/* End PBXTargetDependency section */

/* Begin XCBuildConfiguration section */
		5355188F2CAF0D27007CD1B1 /* Debug */ = {
			isa = XCBuildConfiguration;
			buildSettings = {
				ALWAYS_SEARCH_USER_PATHS = NO;
				ASSETCATALOG_COMPILER_GENERATE_SWIFT_ASSET_SYMBOL_EXTENSIONS = YES;
				CLANG_ANALYZER_NONNULL = YES;
				CLANG_ANALYZER_NUMBER_OBJECT_CONVERSION = YES_AGGRESSIVE;
				CLANG_CXX_LANGUAGE_STANDARD = "gnu++20";
				CLANG_ENABLE_MODULES = YES;
				CLANG_ENABLE_OBJC_ARC = YES;
				CLANG_ENABLE_OBJC_WEAK = YES;
				CLANG_WARN_BLOCK_CAPTURE_AUTORELEASING = YES;
				CLANG_WARN_BOOL_CONVERSION = YES;
				CLANG_WARN_COMMA = YES;
				CLANG_WARN_CONSTANT_CONVERSION = YES;
				CLANG_WARN_DEPRECATED_OBJC_IMPLEMENTATIONS = YES;
				CLANG_WARN_DIRECT_OBJC_ISA_USAGE = YES_ERROR;
				CLANG_WARN_DOCUMENTATION_COMMENTS = YES;
				CLANG_WARN_EMPTY_BODY = YES;
				CLANG_WARN_ENUM_CONVERSION = YES;
				CLANG_WARN_INFINITE_RECURSION = YES;
				CLANG_WARN_INT_CONVERSION = YES;
				CLANG_WARN_NON_LITERAL_NULL_CONVERSION = YES;
				CLANG_WARN_OBJC_IMPLICIT_RETAIN_SELF = YES;
				CLANG_WARN_OBJC_LITERAL_CONVERSION = YES;
				CLANG_WARN_OBJC_ROOT_CLASS = YES_ERROR;
				CLANG_WARN_QUOTED_INCLUDE_IN_FRAMEWORK_HEADER = YES;
				CLANG_WARN_RANGE_LOOP_ANALYSIS = YES;
				CLANG_WARN_STRICT_PROTOTYPES = YES;
				CLANG_WARN_SUSPICIOUS_MOVE = YES;
				CLANG_WARN_UNGUARDED_AVAILABILITY = YES_AGGRESSIVE;
				CLANG_WARN_UNREACHABLE_CODE = YES;
				CLANG_WARN__DUPLICATE_METHOD_MATCH = YES;
				COPY_PHASE_STRIP = NO;
				DEBUG_INFORMATION_FORMAT = dwarf;
				ENABLE_STRICT_OBJC_MSGSEND = YES;
				ENABLE_TESTABILITY = YES;
				ENABLE_USER_SCRIPT_SANDBOXING = YES;
				GCC_C_LANGUAGE_STANDARD = gnu17;
				GCC_DYNAMIC_NO_PIC = NO;
				GCC_NO_COMMON_BLOCKS = YES;
				GCC_OPTIMIZATION_LEVEL = 0;
				GCC_PREPROCESSOR_DEFINITIONS = (
					"DEBUG=1",
					"$(inherited)",
				);
				GCC_WARN_64_TO_32_BIT_CONVERSION = YES;
				GCC_WARN_ABOUT_RETURN_TYPE = YES_ERROR;
				GCC_WARN_UNDECLARED_SELECTOR = YES;
				GCC_WARN_UNINITIALIZED_AUTOS = YES_AGGRESSIVE;
				GCC_WARN_UNUSED_FUNCTION = YES;
				GCC_WARN_UNUSED_VARIABLE = YES;
				IPHONEOS_DEPLOYMENT_TARGET = 17.6;
				LOCALIZATION_PREFERS_STRING_CATALOGS = YES;
				MTL_ENABLE_DEBUG_INFO = INCLUDE_SOURCE;
				MTL_FAST_MATH = YES;
				ONLY_ACTIVE_ARCH = YES;
				SDKROOT = iphoneos;
				SWIFT_ACTIVE_COMPILATION_CONDITIONS = "DEBUG $(inherited)";
				SWIFT_OPTIMIZATION_LEVEL = "-Onone";
			};
			name = Debug;
		};
		535518902CAF0D27007CD1B1 /* Release */ = {
			isa = XCBuildConfiguration;
			buildSettings = {
				ALWAYS_SEARCH_USER_PATHS = NO;
				ASSETCATALOG_COMPILER_GENERATE_SWIFT_ASSET_SYMBOL_EXTENSIONS = YES;
				CLANG_ANALYZER_NONNULL = YES;
				CLANG_ANALYZER_NUMBER_OBJECT_CONVERSION = YES_AGGRESSIVE;
				CLANG_CXX_LANGUAGE_STANDARD = "gnu++20";
				CLANG_ENABLE_MODULES = YES;
				CLANG_ENABLE_OBJC_ARC = YES;
				CLANG_ENABLE_OBJC_WEAK = YES;
				CLANG_WARN_BLOCK_CAPTURE_AUTORELEASING = YES;
				CLANG_WARN_BOOL_CONVERSION = YES;
				CLANG_WARN_COMMA = YES;
				CLANG_WARN_CONSTANT_CONVERSION = YES;
				CLANG_WARN_DEPRECATED_OBJC_IMPLEMENTATIONS = YES;
				CLANG_WARN_DIRECT_OBJC_ISA_USAGE = YES_ERROR;
				CLANG_WARN_DOCUMENTATION_COMMENTS = YES;
				CLANG_WARN_EMPTY_BODY = YES;
				CLANG_WARN_ENUM_CONVERSION = YES;
				CLANG_WARN_INFINITE_RECURSION = YES;
				CLANG_WARN_INT_CONVERSION = YES;
				CLANG_WARN_NON_LITERAL_NULL_CONVERSION = YES;
				CLANG_WARN_OBJC_IMPLICIT_RETAIN_SELF = YES;
				CLANG_WARN_OBJC_LITERAL_CONVERSION = YES;
				CLANG_WARN_OBJC_ROOT_CLASS = YES_ERROR;
				CLANG_WARN_QUOTED_INCLUDE_IN_FRAMEWORK_HEADER = YES;
				CLANG_WARN_RANGE_LOOP_ANALYSIS = YES;
				CLANG_WARN_STRICT_PROTOTYPES = YES;
				CLANG_WARN_SUSPICIOUS_MOVE = YES;
				CLANG_WARN_UNGUARDED_AVAILABILITY = YES_AGGRESSIVE;
				CLANG_WARN_UNREACHABLE_CODE = YES;
				CLANG_WARN__DUPLICATE_METHOD_MATCH = YES;
				COPY_PHASE_STRIP = NO;
				DEBUG_INFORMATION_FORMAT = "dwarf-with-dsym";
				ENABLE_NS_ASSERTIONS = NO;
				ENABLE_STRICT_OBJC_MSGSEND = YES;
				ENABLE_USER_SCRIPT_SANDBOXING = YES;
				GCC_C_LANGUAGE_STANDARD = gnu17;
				GCC_NO_COMMON_BLOCKS = YES;
				GCC_WARN_64_TO_32_BIT_CONVERSION = YES;
				GCC_WARN_ABOUT_RETURN_TYPE = YES_ERROR;
				GCC_WARN_UNDECLARED_SELECTOR = YES;
				GCC_WARN_UNINITIALIZED_AUTOS = YES_AGGRESSIVE;
				GCC_WARN_UNUSED_FUNCTION = YES;
				GCC_WARN_UNUSED_VARIABLE = YES;
				IPHONEOS_DEPLOYMENT_TARGET = 17.6;
				LOCALIZATION_PREFERS_STRING_CATALOGS = YES;
				MTL_ENABLE_DEBUG_INFO = NO;
				MTL_FAST_MATH = YES;
				SDKROOT = iphoneos;
				SWIFT_COMPILATION_MODE = wholemodule;
				VALIDATE_PRODUCT = YES;
			};
			name = Release;
		};
		535518922CAF0D27007CD1B1 /* Debug */ = {
			isa = XCBuildConfiguration;
			buildSettings = {
				ASSETCATALOG_COMPILER_APPICON_NAME = AppIcon;
				ASSETCATALOG_COMPILER_GLOBAL_ACCENT_COLOR_NAME = AccentColor;
				CODE_SIGN_STYLE = Automatic;
				CURRENT_PROJECT_VERSION = 1;
				DEVELOPMENT_ASSET_PATHS = "";
				DEVELOPMENT_TEAM = 5GA3WVKYZ6;
				ENABLE_PREVIEWS = YES;
				GENERATE_INFOPLIST_FILE = YES;
				INFOPLIST_FILE = Camera/Info.plist;
				INFOPLIST_KEY_LSApplicationCategoryType = "";
				INFOPLIST_KEY_LSSupportsOpeningDocumentsInPlace = YES;
				INFOPLIST_KEY_NSCameraUsageDescription = "このアプリは写真を撮影するためにカメラを使用します";
				INFOPLIST_KEY_NSPhotoLibraryUsageDescription = "撮影した写真を表示するためにフォトライブラリへのアクセスが必要です";
				INFOPLIST_KEY_UIApplicationSceneManifest_Generation = YES;
				INFOPLIST_KEY_UIApplicationSupportsIndirectInputEvents = YES;
				INFOPLIST_KEY_UILaunchScreen_Generation = YES;
				INFOPLIST_KEY_UISupportedInterfaceOrientations_iPad = "UIInterfaceOrientationPortrait UIInterfaceOrientationPortraitUpsideDown UIInterfaceOrientationLandscapeLeft UIInterfaceOrientationLandscapeRight";
				INFOPLIST_KEY_UISupportedInterfaceOrientations_iPhone = "UIInterfaceOrientationPortrait UIInterfaceOrientationLandscapeLeft UIInterfaceOrientationLandscapeRight";
				IPHONEOS_DEPLOYMENT_TARGET = 18.0;
				LD_RUNPATH_SEARCH_PATHS = (
					"$(inherited)",
					"@executable_path/Frameworks",
				);
				MARKETING_VERSION = 1.0;
				PRODUCT_BUNDLE_IDENTIFIER = com.silvia.Camera;
				PRODUCT_NAME = "$(TARGET_NAME)";
				SWIFT_EMIT_LOC_STRINGS = YES;
				SWIFT_VERSION = 5.0;
				TARGETED_DEVICE_FAMILY = "1,2";
			};
			name = Debug;
		};
		535518932CAF0D27007CD1B1 /* Release */ = {
			isa = XCBuildConfiguration;
			buildSettings = {
				ASSETCATALOG_COMPILER_APPICON_NAME = AppIcon;
				ASSETCATALOG_COMPILER_GLOBAL_ACCENT_COLOR_NAME = AccentColor;
				CODE_SIGN_STYLE = Automatic;
				CURRENT_PROJECT_VERSION = 1;
				DEVELOPMENT_ASSET_PATHS = "";
				DEVELOPMENT_TEAM = 5GA3WVKYZ6;
				ENABLE_PREVIEWS = YES;
				GENERATE_INFOPLIST_FILE = YES;
				INFOPLIST_FILE = Camera/Info.plist;
				INFOPLIST_KEY_LSApplicationCategoryType = "";
				INFOPLIST_KEY_LSSupportsOpeningDocumentsInPlace = YES;
				INFOPLIST_KEY_NSCameraUsageDescription = "このアプリは写真を撮影するためにカメラを使用します";
				INFOPLIST_KEY_NSPhotoLibraryUsageDescription = "撮影した写真を表示するためにフォトライブラリへのアクセスが必要です";
				INFOPLIST_KEY_UIApplicationSceneManifest_Generation = YES;
				INFOPLIST_KEY_UIApplicationSupportsIndirectInputEvents = YES;
				INFOPLIST_KEY_UILaunchScreen_Generation = YES;
				INFOPLIST_KEY_UISupportedInterfaceOrientations_iPad = "UIInterfaceOrientationPortrait UIInterfaceOrientationPortraitUpsideDown UIInterfaceOrientationLandscapeLeft UIInterfaceOrientationLandscapeRight";
				INFOPLIST_KEY_UISupportedInterfaceOrientations_iPhone = "UIInterfaceOrientationPortrait UIInterfaceOrientationLandscapeLeft UIInterfaceOrientationLandscapeRight";
				IPHONEOS_DEPLOYMENT_TARGET = 18.0;
				LD_RUNPATH_SEARCH_PATHS = (
					"$(inherited)",
					"@executable_path/Frameworks",
				);
				MARKETING_VERSION = 1.0;
				PRODUCT_BUNDLE_IDENTIFIER = com.silvia.Camera;
				PRODUCT_NAME = "$(TARGET_NAME)";
				SWIFT_EMIT_LOC_STRINGS = YES;
				SWIFT_VERSION = 5.0;
				TARGETED_DEVICE_FAMILY = "1,2";
			};
			name = Release;
		};
		535518952CAF0D27007CD1B1 /* Debug */ = {
			isa = XCBuildConfiguration;
			buildSettings = {
				BUNDLE_LOADER = "$(TEST_HOST)";
				CODE_SIGN_STYLE = Automatic;
				CURRENT_PROJECT_VERSION = 1;
				DEVELOPMENT_TEAM = 5GA3WVKYZ6;
				GENERATE_INFOPLIST_FILE = YES;
				IPHONEOS_DEPLOYMENT_TARGET = 18.0;
				MARKETING_VERSION = 1.0;
				PRODUCT_BUNDLE_IDENTIFIER = com.silvia.CameraTests;
				PRODUCT_NAME = "$(TARGET_NAME)";
				SWIFT_EMIT_LOC_STRINGS = NO;
				SWIFT_VERSION = 5.0;
				TARGETED_DEVICE_FAMILY = "1,2";
				TEST_HOST = "$(BUILT_PRODUCTS_DIR)/Camera.app/$(BUNDLE_EXECUTABLE_FOLDER_PATH)/Camera";
			};
			name = Debug;
		};
		535518962CAF0D27007CD1B1 /* Release */ = {
			isa = XCBuildConfiguration;
			buildSettings = {
				BUNDLE_LOADER = "$(TEST_HOST)";
				CODE_SIGN_STYLE = Automatic;
				CURRENT_PROJECT_VERSION = 1;
				DEVELOPMENT_TEAM = 5GA3WVKYZ6;
				GENERATE_INFOPLIST_FILE = YES;
				IPHONEOS_DEPLOYMENT_TARGET = 18.0;
				MARKETING_VERSION = 1.0;
				PRODUCT_BUNDLE_IDENTIFIER = com.silvia.CameraTests;
				PRODUCT_NAME = "$(TARGET_NAME)";
				SWIFT_EMIT_LOC_STRINGS = NO;
				SWIFT_VERSION = 5.0;
				TARGETED_DEVICE_FAMILY = "1,2";
				TEST_HOST = "$(BUILT_PRODUCTS_DIR)/Camera.app/$(BUNDLE_EXECUTABLE_FOLDER_PATH)/Camera";
			};
			name = Release;
		};
		535518982CAF0D27007CD1B1 /* Debug */ = {
			isa = XCBuildConfiguration;
			buildSettings = {
				CODE_SIGN_STYLE = Automatic;
				CURRENT_PROJECT_VERSION = 1;
				DEVELOPMENT_TEAM = 5GA3WVKYZ6;
				GENERATE_INFOPLIST_FILE = YES;
				MARKETING_VERSION = 1.0;
				PRODUCT_BUNDLE_IDENTIFIER = com.silvia.CameraUITests;
				PRODUCT_NAME = "$(TARGET_NAME)";
				SWIFT_EMIT_LOC_STRINGS = NO;
				SWIFT_VERSION = 5.0;
				TARGETED_DEVICE_FAMILY = "1,2";
				TEST_TARGET_NAME = Camera;
			};
			name = Debug;
		};
		535518992CAF0D27007CD1B1 /* Release */ = {
			isa = XCBuildConfiguration;
			buildSettings = {
				CODE_SIGN_STYLE = Automatic;
				CURRENT_PROJECT_VERSION = 1;
				DEVELOPMENT_TEAM = 5GA3WVKYZ6;
				GENERATE_INFOPLIST_FILE = YES;
				MARKETING_VERSION = 1.0;
				PRODUCT_BUNDLE_IDENTIFIER = com.silvia.CameraUITests;
				PRODUCT_NAME = "$(TARGET_NAME)";
				SWIFT_EMIT_LOC_STRINGS = NO;
				SWIFT_VERSION = 5.0;
				TARGETED_DEVICE_FAMILY = "1,2";
				TEST_TARGET_NAME = Camera;
			};
			name = Release;
		};
/* End XCBuildConfiguration section */

/* Begin XCConfigurationList section */
		535518682CAF0D25007CD1B1 /* Build configuration list for PBXProject "Camera" */ = {
			isa = XCConfigurationList;
			buildConfigurations = (
				5355188F2CAF0D27007CD1B1 /* Debug */,
				535518902CAF0D27007CD1B1 /* Release */,
			);
			defaultConfigurationIsVisible = 0;
			defaultConfigurationName = Release;
		};
		535518912CAF0D27007CD1B1 /* Build configuration list for PBXNativeTarget "Camera" */ = {
			isa = XCConfigurationList;
			buildConfigurations = (
				535518922CAF0D27007CD1B1 /* Debug */,
				535518932CAF0D27007CD1B1 /* Release */,
			);
			defaultConfigurationIsVisible = 0;
			defaultConfigurationName = Release;
		};
		535518942CAF0D27007CD1B1 /* Build configuration list for PBXNativeTarget "CameraTests" */ = {
			isa = XCConfigurationList;
			buildConfigurations = (
				535518952CAF0D27007CD1B1 /* Debug */,
				535518962CAF0D27007CD1B1 /* Release */,
			);
			defaultConfigurationIsVisible = 0;
			defaultConfigurationName = Release;
		};
		535518972CAF0D27007CD1B1 /* Build configuration list for PBXNativeTarget "CameraUITests" */ = {
			isa = XCConfigurationList;
			buildConfigurations = (
				535518982CAF0D27007CD1B1 /* Debug */,
				535518992CAF0D27007CD1B1 /* Release */,
			);
			defaultConfigurationIsVisible = 0;
			defaultConfigurationName = Release;
		};
/* End XCConfigurationList section */
	};
	rootObject = 535518652CAF0D25007CD1B1 /* Project object */;
}
